<?xml version="1.0" encoding="UTF-8"?>
<!DOCTYPE plist PUBLIC "-//Apple//DTD PLIST 1.0//EN" "http://www.apple.com/DTDs/PropertyList-1.0.dtd">
<plist version="1.0">
<dict>
	<key>archiveVersion</key>
	<string>1</string>
	<key>classes</key>
	<dict/>
	<key>objectVersion</key>
	<string>46</string>
	<key>objects</key>
	<dict>
		<key>08BF57D9857249B3B4130A85</key>
		<dict>
			<key>fileRef</key>
			<string>72B4B9AFDA2A4C478E89508A</string>
			<key>isa</key>
			<string>PBXBuildFile</string>
		</dict>
		<key>146FBDF6E5B840C2B03FE7E9</key>
		<dict>
			<key>buildActionMask</key>
			<string>2147483647</string>
			<key>files</key>
			<array/>
			<key>inputPaths</key>
			<array/>
			<key>isa</key>
			<string>PBXShellScriptBuildPhase</string>
			<key>name</key>
			<string>Copy Pods Resources</string>
			<key>outputPaths</key>
			<array/>
			<key>runOnlyForDeploymentPostprocessing</key>
			<string>0</string>
			<key>shellPath</key>
			<string>/bin/sh</string>
			<key>shellScript</key>
			<string>"${SRCROOT}/Pods/Pods-resources.sh"
</string>
			<key>showEnvVarsInLog</key>
			<string>0</string>
		</dict>
		<key>72B4B9AFDA2A4C478E89508A</key>
		<dict>
			<key>explicitFileType</key>
			<string>archive.ar</string>
			<key>includeInIndex</key>
			<string>0</string>
			<key>isa</key>
			<string>PBXFileReference</string>
			<key>path</key>
			<string>libPods.a</string>
			<key>sourceTree</key>
			<string>BUILT_PRODUCTS_DIR</string>
		</dict>
		<key>739E31B5C707495E84653BAB</key>
		<dict>
			<key>includeInIndex</key>
			<string>1</string>
			<key>isa</key>
			<string>PBXFileReference</string>
			<key>lastKnownFileType</key>
			<string>text.xcconfig</string>
			<key>name</key>
			<string>Pods.xcconfig</string>
			<key>path</key>
			<string>Pods/Pods.xcconfig</string>
			<key>sourceTree</key>
			<string>&lt;group&gt;</string>
		</dict>
		<key>BED5AF08189AC99A00ABF4EC</key>
		<dict>
			<key>children</key>
			<array>
				<string>BED5AF09189AC9CE00ABF4EC</string>
				<string>BED5AF0A189AC9CE00ABF4EC</string>
			</array>
			<key>isa</key>
			<string>PBXGroup</string>
			<key>name</key>
			<string>ColorWheel</string>
			<key>sourceTree</key>
			<string>&lt;group&gt;</string>
		</dict>
		<key>BED5AF09189AC9CE00ABF4EC</key>
		<dict>
			<key>fileEncoding</key>
			<string>4</string>
			<key>isa</key>
			<string>PBXFileReference</string>
			<key>lastKnownFileType</key>
			<string>sourcecode.c.h</string>
			<key>path</key>
			<string>ISColorWheel.h</string>
			<key>sourceTree</key>
			<string>&lt;group&gt;</string>
		</dict>
		<key>BED5AF0A189AC9CE00ABF4EC</key>
		<dict>
			<key>fileEncoding</key>
			<string>4</string>
			<key>isa</key>
			<string>PBXFileReference</string>
			<key>lastKnownFileType</key>
			<string>sourcecode.c.objc</string>
			<key>path</key>
			<string>ISColorWheel.m</string>
			<key>sourceTree</key>
			<string>&lt;group&gt;</string>
		</dict>
		<key>BED5AF0B189AC9CE00ABF4EC</key>
		<dict>
			<key>fileRef</key>
			<string>BED5AF0A189AC9CE00ABF4EC</string>
			<key>isa</key>
			<string>PBXBuildFile</string>
		</dict>
		<key>BEE1CA5E1899F8AF00992093</key>
		<dict>
			<key>children</key>
			<array>
				<string>BEE1CA721899F8AF00992093</string>
				<string>BEE1CA8F1899F8AF00992093</string>
				<string>BEE1CA691899F8AF00992093</string>
				<string>BEE1CA681899F8AF00992093</string>
				<string>739E31B5C707495E84653BAB</string>
			</array>
			<key>isa</key>
			<string>PBXGroup</string>
			<key>sourceTree</key>
			<string>&lt;group&gt;</string>
		</dict>
		<key>BEE1CA5F1899F8AF00992093</key>
		<dict>
			<key>attributes</key>
			<dict>
				<key>CLASSPREFIX</key>
				<string>SKY</string>
				<key>LastUpgradeCheck</key>
				<string>0500</string>
				<key>ORGANIZATIONNAME</key>
				<string>Sky Apps</string>
				<key>TargetAttributes</key>
				<dict>
					<key>BEE1CA861899F8AF00992093</key>
					<dict>
						<key>TestTargetID</key>
						<string>BEE1CA661899F8AF00992093</string>
					</dict>
				</dict>
			</dict>
			<key>buildConfigurationList</key>
			<string>BEE1CA621899F8AF00992093</string>
			<key>compatibilityVersion</key>
			<string>Xcode 3.2</string>
			<key>developmentRegion</key>
			<string>English</string>
			<key>hasScannedForEncodings</key>
			<string>0</string>
			<key>isa</key>
			<string>PBXProject</string>
			<key>knownRegions</key>
			<array>
				<string>en</string>
			</array>
			<key>mainGroup</key>
			<string>BEE1CA5E1899F8AF00992093</string>
			<key>productRefGroup</key>
			<string>BEE1CA681899F8AF00992093</string>
			<key>projectDirPath</key>
			<string></string>
			<key>projectReferences</key>
			<array/>
			<key>projectRoot</key>
			<string></string>
			<key>targets</key>
			<array>
				<string>BEE1CA661899F8AF00992093</string>
				<string>BEE1CA861899F8AF00992093</string>
			</array>
		</dict>
		<key>BEE1CA621899F8AF00992093</key>
		<dict>
			<key>buildConfigurations</key>
			<array>
				<string>BEE1CA971899F8AF00992093</string>
				<string>BEE1CA981899F8AF00992093</string>
			</array>
			<key>defaultConfigurationIsVisible</key>
			<string>0</string>
			<key>defaultConfigurationName</key>
			<string>Release</string>
			<key>isa</key>
			<string>XCConfigurationList</string>
		</dict>
		<key>BEE1CA631899F8AF00992093</key>
		<dict>
			<key>buildActionMask</key>
			<string>2147483647</string>
			<key>files</key>
			<array>
				<string>BEE1CA7D1899F8AF00992093</string>
				<string>BED5AF0B189AC9CE00ABF4EC</string>
				<string>BEE1CA801899F8AF00992093</string>
				<string>BEE1CA791899F8AF00992093</string>
			</array>
			<key>isa</key>
			<string>PBXSourcesBuildPhase</string>
			<key>runOnlyForDeploymentPostprocessing</key>
			<string>0</string>
		</dict>
		<key>BEE1CA641899F8AF00992093</key>
		<dict>
			<key>buildActionMask</key>
			<string>2147483647</string>
			<key>files</key>
			<array>
				<string>BEE1CA6D1899F8AF00992093</string>
				<string>BEE1CA711899F8AF00992093</string>
				<string>BEE1CA6F1899F8AF00992093</string>
				<string>BEE1CA6B1899F8AF00992093</string>
				<string>08BF57D9857249B3B4130A85</string>
			</array>
			<key>isa</key>
			<string>PBXFrameworksBuildPhase</string>
			<key>runOnlyForDeploymentPostprocessing</key>
			<string>0</string>
		</dict>
		<key>BEE1CA651899F8AF00992093</key>
		<dict>
			<key>buildActionMask</key>
			<string>2147483647</string>
			<key>files</key>
			<array>
				<string>C12714531899FB9300246E40</string>
				<string>BEE1CA771899F8AF00992093</string>
				<string>BEE1CA821899F8AF00992093</string>
			</array>
			<key>isa</key>
			<string>PBXResourcesBuildPhase</string>
			<key>runOnlyForDeploymentPostprocessing</key>
			<string>0</string>
		</dict>
		<key>BEE1CA661899F8AF00992093</key>
		<dict>
			<key>buildConfigurationList</key>
			<string>BEE1CA991899F8AF00992093</string>
			<key>buildPhases</key>
			<array>
				<string>C62EE67B7C4343EBB6749A84</string>
				<string>BEE1CA631899F8AF00992093</string>
				<string>BEE1CA641899F8AF00992093</string>
				<string>BEE1CA651899F8AF00992093</string>
				<string>146FBDF6E5B840C2B03FE7E9</string>
			</array>
			<key>buildRules</key>
			<array/>
			<key>dependencies</key>
			<array/>
			<key>isa</key>
			<string>PBXNativeTarget</string>
			<key>name</key>
			<string>MovieMood</string>
			<key>productName</key>
			<string>MovieMood</string>
			<key>productReference</key>
			<string>BEE1CA671899F8AF00992093</string>
			<key>productType</key>
			<string>com.apple.product-type.application</string>
		</dict>
		<key>BEE1CA671899F8AF00992093</key>
		<dict>
			<key>explicitFileType</key>
			<string>wrapper.application</string>
			<key>includeInIndex</key>
			<string>0</string>
			<key>isa</key>
			<string>PBXFileReference</string>
			<key>path</key>
			<string>MovieMood.app</string>
			<key>sourceTree</key>
			<string>BUILT_PRODUCTS_DIR</string>
		</dict>
		<key>BEE1CA681899F8AF00992093</key>
		<dict>
			<key>children</key>
			<array>
				<string>BEE1CA671899F8AF00992093</string>
				<string>BEE1CA871899F8AF00992093</string>
			</array>
			<key>isa</key>
			<string>PBXGroup</string>
			<key>name</key>
			<string>Products</string>
			<key>sourceTree</key>
			<string>&lt;group&gt;</string>
		</dict>
		<key>BEE1CA691899F8AF00992093</key>
		<dict>
			<key>children</key>
			<array>
				<string>BEE1CA6A1899F8AF00992093</string>
				<string>BEE1CA6C1899F8AF00992093</string>
				<string>BEE1CA6E1899F8AF00992093</string>
				<string>BEE1CA701899F8AF00992093</string>
				<string>BEE1CA881899F8AF00992093</string>
				<string>72B4B9AFDA2A4C478E89508A</string>
			</array>
			<key>isa</key>
			<string>PBXGroup</string>
			<key>name</key>
			<string>Frameworks</string>
			<key>sourceTree</key>
			<string>&lt;group&gt;</string>
		</dict>
		<key>BEE1CA6A1899F8AF00992093</key>
		<dict>
			<key>isa</key>
			<string>PBXFileReference</string>
			<key>lastKnownFileType</key>
			<string>wrapper.framework</string>
			<key>name</key>
			<string>Foundation.framework</string>
			<key>path</key>
			<string>System/Library/Frameworks/Foundation.framework</string>
			<key>sourceTree</key>
			<string>SDKROOT</string>
		</dict>
		<key>BEE1CA6B1899F8AF00992093</key>
		<dict>
			<key>fileRef</key>
			<string>BEE1CA6A1899F8AF00992093</string>
			<key>isa</key>
			<string>PBXBuildFile</string>
		</dict>
		<key>BEE1CA6C1899F8AF00992093</key>
		<dict>
			<key>isa</key>
			<string>PBXFileReference</string>
			<key>lastKnownFileType</key>
			<string>wrapper.framework</string>
			<key>name</key>
			<string>CoreGraphics.framework</string>
			<key>path</key>
			<string>System/Library/Frameworks/CoreGraphics.framework</string>
			<key>sourceTree</key>
			<string>SDKROOT</string>
		</dict>
		<key>BEE1CA6D1899F8AF00992093</key>
		<dict>
			<key>fileRef</key>
			<string>BEE1CA6C1899F8AF00992093</string>
			<key>isa</key>
			<string>PBXBuildFile</string>
		</dict>
		<key>BEE1CA6E1899F8AF00992093</key>
		<dict>
			<key>isa</key>
			<string>PBXFileReference</string>
			<key>lastKnownFileType</key>
			<string>wrapper.framework</string>
			<key>name</key>
			<string>UIKit.framework</string>
			<key>path</key>
			<string>System/Library/Frameworks/UIKit.framework</string>
			<key>sourceTree</key>
			<string>SDKROOT</string>
		</dict>
		<key>BEE1CA6F1899F8AF00992093</key>
		<dict>
			<key>fileRef</key>
			<string>BEE1CA6E1899F8AF00992093</string>
			<key>isa</key>
			<string>PBXBuildFile</string>
		</dict>
		<key>BEE1CA701899F8AF00992093</key>
		<dict>
			<key>isa</key>
			<string>PBXFileReference</string>
			<key>lastKnownFileType</key>
			<string>wrapper.framework</string>
			<key>name</key>
			<string>CoreData.framework</string>
			<key>path</key>
			<string>System/Library/Frameworks/CoreData.framework</string>
			<key>sourceTree</key>
			<string>SDKROOT</string>
		</dict>
		<key>BEE1CA711899F8AF00992093</key>
		<dict>
			<key>fileRef</key>
			<string>BEE1CA701899F8AF00992093</string>
			<key>isa</key>
			<string>PBXBuildFile</string>
		</dict>
		<key>BEE1CA721899F8AF00992093</key>
		<dict>
			<key>children</key>
			<array>
				<string>BED5AF08189AC99A00ABF4EC</string>
				<string>BEE1CA7B1899F8AF00992093</string>
				<string>BEE1CA7C1899F8AF00992093</string>
				<string>BEE1CA811899F8AF00992093</string>
				<string>BEE1CA7E1899F8AF00992093</string>
				<string>BEE1CA731899F8AF00992093</string>
				<string>C12714521899FB9300246E40</string>
			</array>
			<key>isa</key>
			<string>PBXGroup</string>
			<key>path</key>
			<string>MovieMood</string>
			<key>sourceTree</key>
			<string>&lt;group&gt;</string>
		</dict>
		<key>BEE1CA731899F8AF00992093</key>
		<dict>
			<key>children</key>
			<array>
				<string>BEE1CA741899F8AF00992093</string>
				<string>BEE1CA751899F8AF00992093</string>
				<string>BEE1CA781899F8AF00992093</string>
				<string>BEE1CA7A1899F8AF00992093</string>
			</array>
			<key>isa</key>
			<string>PBXGroup</string>
			<key>name</key>
			<string>Supporting Files</string>
			<key>sourceTree</key>
			<string>&lt;group&gt;</string>
		</dict>
		<key>BEE1CA741899F8AF00992093</key>
		<dict>
			<key>isa</key>
			<string>PBXFileReference</string>
			<key>lastKnownFileType</key>
			<string>text.plist.xml</string>
			<key>path</key>
			<string>MovieMood-Info.plist</string>
			<key>sourceTree</key>
			<string>&lt;group&gt;</string>
		</dict>
		<key>BEE1CA751899F8AF00992093</key>
		<dict>
			<key>children</key>
			<array>
				<string>BEE1CA761899F8AF00992093</string>
			</array>
			<key>isa</key>
			<string>PBXVariantGroup</string>
			<key>name</key>
			<string>InfoPlist.strings</string>
			<key>sourceTree</key>
			<string>&lt;group&gt;</string>
		</dict>
		<key>BEE1CA761899F8AF00992093</key>
		<dict>
			<key>isa</key>
			<string>PBXFileReference</string>
			<key>lastKnownFileType</key>
			<string>text.plist.strings</string>
			<key>name</key>
			<string>en</string>
			<key>path</key>
			<string>en.lproj/InfoPlist.strings</string>
			<key>sourceTree</key>
			<string>&lt;group&gt;</string>
		</dict>
		<key>BEE1CA771899F8AF00992093</key>
		<dict>
			<key>fileRef</key>
			<string>BEE1CA751899F8AF00992093</string>
			<key>isa</key>
			<string>PBXBuildFile</string>
		</dict>
		<key>BEE1CA781899F8AF00992093</key>
		<dict>
			<key>isa</key>
			<string>PBXFileReference</string>
			<key>lastKnownFileType</key>
			<string>sourcecode.c.objc</string>
			<key>path</key>
			<string>main.m</string>
			<key>sourceTree</key>
			<string>&lt;group&gt;</string>
		</dict>
		<key>BEE1CA791899F8AF00992093</key>
		<dict>
			<key>fileRef</key>
			<string>BEE1CA781899F8AF00992093</string>
			<key>isa</key>
			<string>PBXBuildFile</string>
		</dict>
		<key>BEE1CA7A1899F8AF00992093</key>
		<dict>
			<key>isa</key>
			<string>PBXFileReference</string>
			<key>lastKnownFileType</key>
			<string>sourcecode.c.h</string>
			<key>path</key>
			<string>MovieMood-Prefix.pch</string>
			<key>sourceTree</key>
			<string>&lt;group&gt;</string>
		</dict>
		<key>BEE1CA7B1899F8AF00992093</key>
		<dict>
			<key>isa</key>
			<string>PBXFileReference</string>
			<key>lastKnownFileType</key>
			<string>sourcecode.c.h</string>
			<key>path</key>
			<string>SKYAppDelegate.h</string>
			<key>sourceTree</key>
			<string>&lt;group&gt;</string>
		</dict>
		<key>BEE1CA7C1899F8AF00992093</key>
		<dict>
			<key>isa</key>
			<string>PBXFileReference</string>
			<key>lastKnownFileType</key>
			<string>sourcecode.c.objc</string>
			<key>path</key>
			<string>SKYAppDelegate.m</string>
			<key>sourceTree</key>
			<string>&lt;group&gt;</string>
		</dict>
		<key>BEE1CA7D1899F8AF00992093</key>
		<dict>
			<key>fileRef</key>
			<string>BEE1CA7C1899F8AF00992093</string>
			<key>isa</key>
			<string>PBXBuildFile</string>
		</dict>
		<key>BEE1CA7E1899F8AF00992093</key>
		<dict>
			<key>children</key>
			<array>
				<string>BEE1CA7F1899F8AF00992093</string>
			</array>
			<key>currentVersion</key>
			<string>BEE1CA7F1899F8AF00992093</string>
			<key>isa</key>
			<string>XCVersionGroup</string>
			<key>path</key>
			<string>MovieMood.xcdatamodeld</string>
			<key>sourceTree</key>
			<string>&lt;group&gt;</string>
			<key>versionGroupType</key>
			<string>wrapper.xcdatamodel</string>
		</dict>
		<key>BEE1CA7F1899F8AF00992093</key>
		<dict>
			<key>isa</key>
			<string>PBXFileReference</string>
			<key>lastKnownFileType</key>
			<string>wrapper.xcdatamodel</string>
			<key>path</key>
			<string>MovieMood.xcdatamodel</string>
			<key>sourceTree</key>
			<string>&lt;group&gt;</string>
		</dict>
		<key>BEE1CA801899F8AF00992093</key>
		<dict>
			<key>fileRef</key>
			<string>BEE1CA7E1899F8AF00992093</string>
			<key>isa</key>
			<string>PBXBuildFile</string>
		</dict>
		<key>BEE1CA811899F8AF00992093</key>
		<dict>
			<key>isa</key>
			<string>PBXFileReference</string>
			<key>lastKnownFileType</key>
			<string>folder.assetcatalog</string>
			<key>path</key>
			<string>Images.xcassets</string>
			<key>sourceTree</key>
			<string>&lt;group&gt;</string>
		</dict>
		<key>BEE1CA821899F8AF00992093</key>
		<dict>
			<key>fileRef</key>
			<string>BEE1CA811899F8AF00992093</string>
			<key>isa</key>
			<string>PBXBuildFile</string>
		</dict>
		<key>BEE1CA831899F8AF00992093</key>
		<dict>
			<key>buildActionMask</key>
			<string>2147483647</string>
			<key>files</key>
			<array>
				<string>BEE1CA961899F8AF00992093</string>
			</array>
			<key>isa</key>
			<string>PBXSourcesBuildPhase</string>
			<key>runOnlyForDeploymentPostprocessing</key>
			<string>0</string>
		</dict>
		<key>BEE1CA841899F8AF00992093</key>
		<dict>
			<key>buildActionMask</key>
			<string>2147483647</string>
			<key>files</key>
			<array>
				<string>BEE1CA891899F8AF00992093</string>
				<string>BEE1CA8C1899F8AF00992093</string>
				<string>BEE1CA8B1899F8AF00992093</string>
				<string>BEE1CA8A1899F8AF00992093</string>
			</array>
			<key>isa</key>
			<string>PBXFrameworksBuildPhase</string>
			<key>runOnlyForDeploymentPostprocessing</key>
			<string>0</string>
		</dict>
		<key>BEE1CA851899F8AF00992093</key>
		<dict>
			<key>buildActionMask</key>
			<string>2147483647</string>
			<key>files</key>
			<array>
				<string>BEE1CA941899F8AF00992093</string>
			</array>
			<key>isa</key>
			<string>PBXResourcesBuildPhase</string>
			<key>runOnlyForDeploymentPostprocessing</key>
			<string>0</string>
		</dict>
		<key>BEE1CA861899F8AF00992093</key>
		<dict>
			<key>buildConfigurationList</key>
			<string>BEE1CA9C1899F8AF00992093</string>
			<key>buildPhases</key>
			<array>
				<string>BEE1CA831899F8AF00992093</string>
				<string>BEE1CA841899F8AF00992093</string>
				<string>BEE1CA851899F8AF00992093</string>
			</array>
			<key>buildRules</key>
			<array/>
			<key>dependencies</key>
			<array>
				<string>BEE1CA8E1899F8AF00992093</string>
			</array>
			<key>isa</key>
			<string>PBXNativeTarget</string>
			<key>name</key>
			<string>MovieMoodTests</string>
			<key>productName</key>
			<string>MovieMoodTests</string>
			<key>productReference</key>
			<string>BEE1CA871899F8AF00992093</string>
			<key>productType</key>
			<string>com.apple.product-type.bundle.unit-test</string>
		</dict>
		<key>BEE1CA871899F8AF00992093</key>
		<dict>
			<key>explicitFileType</key>
			<string>wrapper.cfbundle</string>
			<key>includeInIndex</key>
			<string>0</string>
			<key>isa</key>
			<string>PBXFileReference</string>
			<key>path</key>
			<string>MovieMoodTests.xctest</string>
			<key>sourceTree</key>
			<string>BUILT_PRODUCTS_DIR</string>
		</dict>
		<key>BEE1CA881899F8AF00992093</key>
		<dict>
			<key>isa</key>
			<string>PBXFileReference</string>
			<key>lastKnownFileType</key>
			<string>wrapper.framework</string>
			<key>name</key>
			<string>XCTest.framework</string>
			<key>path</key>
			<string>Library/Frameworks/XCTest.framework</string>
			<key>sourceTree</key>
			<string>DEVELOPER_DIR</string>
		</dict>
		<key>BEE1CA891899F8AF00992093</key>
		<dict>
			<key>fileRef</key>
			<string>BEE1CA881899F8AF00992093</string>
			<key>isa</key>
			<string>PBXBuildFile</string>
		</dict>
		<key>BEE1CA8A1899F8AF00992093</key>
		<dict>
			<key>fileRef</key>
			<string>BEE1CA6A1899F8AF00992093</string>
			<key>isa</key>
			<string>PBXBuildFile</string>
		</dict>
		<key>BEE1CA8B1899F8AF00992093</key>
		<dict>
			<key>fileRef</key>
			<string>BEE1CA6E1899F8AF00992093</string>
			<key>isa</key>
			<string>PBXBuildFile</string>
		</dict>
		<key>BEE1CA8C1899F8AF00992093</key>
		<dict>
			<key>fileRef</key>
			<string>BEE1CA701899F8AF00992093</string>
			<key>isa</key>
			<string>PBXBuildFile</string>
		</dict>
		<key>BEE1CA8D1899F8AF00992093</key>
		<dict>
			<key>containerPortal</key>
			<string>BEE1CA5F1899F8AF00992093</string>
			<key>isa</key>
			<string>PBXContainerItemProxy</string>
			<key>proxyType</key>
			<string>1</string>
			<key>remoteGlobalIDString</key>
			<string>BEE1CA661899F8AF00992093</string>
			<key>remoteInfo</key>
			<string>MovieMood</string>
		</dict>
		<key>BEE1CA8E1899F8AF00992093</key>
		<dict>
			<key>isa</key>
			<string>PBXTargetDependency</string>
			<key>target</key>
			<string>BEE1CA661899F8AF00992093</string>
			<key>targetProxy</key>
			<string>BEE1CA8D1899F8AF00992093</string>
		</dict>
		<key>BEE1CA8F1899F8AF00992093</key>
		<dict>
			<key>children</key>
			<array>
				<string>BEE1CA951899F8AF00992093</string>
				<string>BEE1CA901899F8AF00992093</string>
			</array>
			<key>isa</key>
			<string>PBXGroup</string>
			<key>path</key>
			<string>MovieMoodTests</string>
			<key>sourceTree</key>
			<string>&lt;group&gt;</string>
		</dict>
		<key>BEE1CA901899F8AF00992093</key>
		<dict>
			<key>children</key>
			<array>
				<string>BEE1CA911899F8AF00992093</string>
				<string>BEE1CA921899F8AF00992093</string>
			</array>
			<key>isa</key>
			<string>PBXGroup</string>
			<key>name</key>
			<string>Supporting Files</string>
			<key>sourceTree</key>
			<string>&lt;group&gt;</string>
		</dict>
		<key>BEE1CA911899F8AF00992093</key>
		<dict>
			<key>isa</key>
			<string>PBXFileReference</string>
			<key>lastKnownFileType</key>
			<string>text.plist.xml</string>
			<key>path</key>
			<string>MovieMoodTests-Info.plist</string>
			<key>sourceTree</key>
			<string>&lt;group&gt;</string>
		</dict>
		<key>BEE1CA921899F8AF00992093</key>
		<dict>
			<key>children</key>
			<array>
				<string>BEE1CA931899F8AF00992093</string>
			</array>
			<key>isa</key>
			<string>PBXVariantGroup</string>
			<key>name</key>
			<string>InfoPlist.strings</string>
			<key>sourceTree</key>
			<string>&lt;group&gt;</string>
		</dict>
		<key>BEE1CA931899F8AF00992093</key>
		<dict>
			<key>isa</key>
			<string>PBXFileReference</string>
			<key>lastKnownFileType</key>
			<string>text.plist.strings</string>
			<key>name</key>
			<string>en</string>
			<key>path</key>
			<string>en.lproj/InfoPlist.strings</string>
			<key>sourceTree</key>
			<string>&lt;group&gt;</string>
		</dict>
		<key>BEE1CA941899F8AF00992093</key>
		<dict>
			<key>fileRef</key>
			<string>BEE1CA921899F8AF00992093</string>
			<key>isa</key>
			<string>PBXBuildFile</string>
		</dict>
		<key>BEE1CA951899F8AF00992093</key>
		<dict>
			<key>isa</key>
			<string>PBXFileReference</string>
			<key>lastKnownFileType</key>
			<string>sourcecode.c.objc</string>
			<key>path</key>
			<string>MovieMoodTests.m</string>
			<key>sourceTree</key>
			<string>&lt;group&gt;</string>
		</dict>
		<key>BEE1CA961899F8AF00992093</key>
		<dict>
			<key>fileRef</key>
			<string>BEE1CA951899F8AF00992093</string>
			<key>isa</key>
			<string>PBXBuildFile</string>
		</dict>
		<key>BEE1CA971899F8AF00992093</key>
		<dict>
			<key>buildSettings</key>
			<dict>
				<key>ALWAYS_SEARCH_USER_PATHS</key>
				<string>NO</string>
				<key>ARCHS</key>
				<string>$(ARCHS_STANDARD_INCLUDING_64_BIT)</string>
				<key>CLANG_CXX_LANGUAGE_STANDARD</key>
				<string>gnu++0x</string>
				<key>CLANG_CXX_LIBRARY</key>
				<string>libc++</string>
				<key>CLANG_ENABLE_MODULES</key>
				<string>YES</string>
				<key>CLANG_ENABLE_OBJC_ARC</key>
				<string>YES</string>
				<key>CLANG_WARN_BOOL_CONVERSION</key>
				<string>YES</string>
				<key>CLANG_WARN_CONSTANT_CONVERSION</key>
				<string>YES</string>
				<key>CLANG_WARN_DIRECT_OBJC_ISA_USAGE</key>
				<string>YES_ERROR</string>
				<key>CLANG_WARN_EMPTY_BODY</key>
				<string>YES</string>
				<key>CLANG_WARN_ENUM_CONVERSION</key>
				<string>YES</string>
				<key>CLANG_WARN_INT_CONVERSION</key>
				<string>YES</string>
				<key>CLANG_WARN_OBJC_ROOT_CLASS</key>
				<string>YES_ERROR</string>
				<key>CLANG_WARN__DUPLICATE_METHOD_MATCH</key>
				<string>YES</string>
				<key>CODE_SIGN_IDENTITY[sdk=iphoneos*]</key>
				<string>iPhone Developer</string>
				<key>COPY_PHASE_STRIP</key>
				<string>NO</string>
				<key>GCC_C_LANGUAGE_STANDARD</key>
				<string>gnu99</string>
				<key>GCC_DYNAMIC_NO_PIC</key>
				<string>NO</string>
				<key>GCC_OPTIMIZATION_LEVEL</key>
				<string>0</string>
				<key>GCC_PREPROCESSOR_DEFINITIONS</key>
				<array>
					<string>DEBUG=1</string>
					<string>$(inherited)</string>
				</array>
				<key>GCC_SYMBOLS_PRIVATE_EXTERN</key>
				<string>NO</string>
				<key>GCC_WARN_64_TO_32_BIT_CONVERSION</key>
				<string>YES</string>
				<key>GCC_WARN_ABOUT_RETURN_TYPE</key>
				<string>YES_ERROR</string>
				<key>GCC_WARN_UNDECLARED_SELECTOR</key>
				<string>YES</string>
				<key>GCC_WARN_UNINITIALIZED_AUTOS</key>
				<string>YES</string>
				<key>GCC_WARN_UNUSED_FUNCTION</key>
				<string>YES</string>
				<key>GCC_WARN_UNUSED_VARIABLE</key>
				<string>YES</string>
				<key>IPHONEOS_DEPLOYMENT_TARGET</key>
				<string>7.0</string>
				<key>ONLY_ACTIVE_ARCH</key>
				<string>YES</string>
				<key>SDKROOT</key>
				<string>iphoneos</string>
			</dict>
			<key>isa</key>
			<string>XCBuildConfiguration</string>
			<key>name</key>
			<string>Debug</string>
		</dict>
		<key>BEE1CA981899F8AF00992093</key>
		<dict>
			<key>buildSettings</key>
			<dict>
				<key>ALWAYS_SEARCH_USER_PATHS</key>
				<string>NO</string>
				<key>ARCHS</key>
				<string>$(ARCHS_STANDARD_INCLUDING_64_BIT)</string>
				<key>CLANG_CXX_LANGUAGE_STANDARD</key>
				<string>gnu++0x</string>
				<key>CLANG_CXX_LIBRARY</key>
				<string>libc++</string>
				<key>CLANG_ENABLE_MODULES</key>
				<string>YES</string>
				<key>CLANG_ENABLE_OBJC_ARC</key>
				<string>YES</string>
				<key>CLANG_WARN_BOOL_CONVERSION</key>
				<string>YES</string>
				<key>CLANG_WARN_CONSTANT_CONVERSION</key>
				<string>YES</string>
				<key>CLANG_WARN_DIRECT_OBJC_ISA_USAGE</key>
				<string>YES_ERROR</string>
				<key>CLANG_WARN_EMPTY_BODY</key>
				<string>YES</string>
				<key>CLANG_WARN_ENUM_CONVERSION</key>
				<string>YES</string>
				<key>CLANG_WARN_INT_CONVERSION</key>
				<string>YES</string>
				<key>CLANG_WARN_OBJC_ROOT_CLASS</key>
				<string>YES_ERROR</string>
				<key>CLANG_WARN__DUPLICATE_METHOD_MATCH</key>
				<string>YES</string>
				<key>CODE_SIGN_IDENTITY[sdk=iphoneos*]</key>
				<string>iPhone Developer</string>
				<key>COPY_PHASE_STRIP</key>
				<string>YES</string>
				<key>ENABLE_NS_ASSERTIONS</key>
				<string>NO</string>
				<key>GCC_C_LANGUAGE_STANDARD</key>
				<string>gnu99</string>
				<key>GCC_WARN_64_TO_32_BIT_CONVERSION</key>
				<string>YES</string>
				<key>GCC_WARN_ABOUT_RETURN_TYPE</key>
				<string>YES_ERROR</string>
				<key>GCC_WARN_UNDECLARED_SELECTOR</key>
				<string>YES</string>
				<key>GCC_WARN_UNINITIALIZED_AUTOS</key>
				<string>YES</string>
				<key>GCC_WARN_UNUSED_FUNCTION</key>
				<string>YES</string>
				<key>GCC_WARN_UNUSED_VARIABLE</key>
				<string>YES</string>
				<key>IPHONEOS_DEPLOYMENT_TARGET</key>
				<string>7.0</string>
				<key>SDKROOT</key>
				<string>iphoneos</string>
				<key>VALIDATE_PRODUCT</key>
				<string>YES</string>
			</dict>
			<key>isa</key>
			<string>XCBuildConfiguration</string>
			<key>name</key>
			<string>Release</string>
		</dict>
		<key>BEE1CA991899F8AF00992093</key>
		<dict>
			<key>buildConfigurations</key>
			<array>
				<string>BEE1CA9A1899F8AF00992093</string>
				<string>BEE1CA9B1899F8AF00992093</string>
			</array>
			<key>defaultConfigurationIsVisible</key>
			<string>0</string>
			<key>defaultConfigurationName</key>
			<string>Release</string>
			<key>isa</key>
			<string>XCConfigurationList</string>
		</dict>
		<key>BEE1CA9A1899F8AF00992093</key>
		<dict>
			<key>baseConfigurationReference</key>
			<string>739E31B5C707495E84653BAB</string>
			<key>buildSettings</key>
			<dict>
				<key>ASSETCATALOG_COMPILER_APPICON_NAME</key>
				<string>AppIcon</string>
				<key>ASSETCATALOG_COMPILER_LAUNCHIMAGE_NAME</key>
				<string>LaunchImage</string>
				<key>GCC_PRECOMPILE_PREFIX_HEADER</key>
				<string>YES</string>
				<key>GCC_PREFIX_HEADER</key>
				<string>MovieMood/MovieMood-Prefix.pch</string>
				<key>INFOPLIST_FILE</key>
				<string>MovieMood/MovieMood-Info.plist</string>
				<key>PRODUCT_NAME</key>
				<string>$(TARGET_NAME)</string>
				<key>WRAPPER_EXTENSION</key>
				<string>app</string>
			</dict>
			<key>isa</key>
			<string>XCBuildConfiguration</string>
			<key>name</key>
			<string>Debug</string>
		</dict>
		<key>BEE1CA9B1899F8AF00992093</key>
		<dict>
			<key>baseConfigurationReference</key>
			<string>739E31B5C707495E84653BAB</string>
			<key>buildSettings</key>
			<dict>
				<key>ASSETCATALOG_COMPILER_APPICON_NAME</key>
				<string>AppIcon</string>
				<key>ASSETCATALOG_COMPILER_LAUNCHIMAGE_NAME</key>
				<string>LaunchImage</string>
				<key>GCC_PRECOMPILE_PREFIX_HEADER</key>
				<string>YES</string>
				<key>GCC_PREFIX_HEADER</key>
				<string>MovieMood/MovieMood-Prefix.pch</string>
				<key>INFOPLIST_FILE</key>
				<string>MovieMood/MovieMood-Info.plist</string>
				<key>PRODUCT_NAME</key>
				<string>$(TARGET_NAME)</string>
				<key>WRAPPER_EXTENSION</key>
				<string>app</string>
			</dict>
			<key>isa</key>
			<string>XCBuildConfiguration</string>
			<key>name</key>
			<string>Release</string>
		</dict>
		<key>BEE1CA9C1899F8AF00992093</key>
		<dict>
			<key>buildConfigurations</key>
			<array>
				<string>BEE1CA9D1899F8AF00992093</string>
				<string>BEE1CA9E1899F8AF00992093</string>
			</array>
			<key>defaultConfigurationIsVisible</key>
			<string>0</string>
			<key>defaultConfigurationName</key>
			<string>Release</string>
			<key>isa</key>
			<string>XCConfigurationList</string>
		</dict>
		<key>BEE1CA9D1899F8AF00992093</key>
		<dict>
			<key>buildSettings</key>
			<dict>
				<key>ARCHS</key>
				<string>$(ARCHS_STANDARD_INCLUDING_64_BIT)</string>
				<key>BUNDLE_LOADER</key>
				<string>$(BUILT_PRODUCTS_DIR)/MovieMood.app/MovieMood</string>
				<key>FRAMEWORK_SEARCH_PATHS</key>
				<array>
					<string>$(SDKROOT)/Developer/Library/Frameworks</string>
					<string>$(inherited)</string>
					<string>$(DEVELOPER_FRAMEWORKS_DIR)</string>
				</array>
				<key>GCC_PRECOMPILE_PREFIX_HEADER</key>
				<string>YES</string>
				<key>GCC_PREFIX_HEADER</key>
				<string>MovieMood/MovieMood-Prefix.pch</string>
				<key>GCC_PREPROCESSOR_DEFINITIONS</key>
				<array>
					<string>DEBUG=1</string>
					<string>$(inherited)</string>
				</array>
				<key>INFOPLIST_FILE</key>
				<string>MovieMoodTests/MovieMoodTests-Info.plist</string>
				<key>PRODUCT_NAME</key>
				<string>$(TARGET_NAME)</string>
				<key>TEST_HOST</key>
				<string>$(BUNDLE_LOADER)</string>
				<key>WRAPPER_EXTENSION</key>
				<string>xctest</string>
			</dict>
			<key>isa</key>
			<string>XCBuildConfiguration</string>
			<key>name</key>
			<string>Debug</string>
		</dict>
		<key>BEE1CA9E1899F8AF00992093</key>
		<dict>
			<key>buildSettings</key>
			<dict>
				<key>ARCHS</key>
				<string>$(ARCHS_STANDARD_INCLUDING_64_BIT)</string>
				<key>BUNDLE_LOADER</key>
				<string>$(BUILT_PRODUCTS_DIR)/MovieMood.app/MovieMood</string>
				<key>FRAMEWORK_SEARCH_PATHS</key>
				<array>
					<string>$(SDKROOT)/Developer/Library/Frameworks</string>
					<string>$(inherited)</string>
					<string>$(DEVELOPER_FRAMEWORKS_DIR)</string>
				</array>
				<key>GCC_PRECOMPILE_PREFIX_HEADER</key>
				<string>YES</string>
				<key>GCC_PREFIX_HEADER</key>
				<string>MovieMood/MovieMood-Prefix.pch</string>
				<key>INFOPLIST_FILE</key>
				<string>MovieMoodTests/MovieMoodTests-Info.plist</string>
				<key>PRODUCT_NAME</key>
				<string>$(TARGET_NAME)</string>
				<key>TEST_HOST</key>
				<string>$(BUNDLE_LOADER)</string>
				<key>WRAPPER_EXTENSION</key>
				<string>xctest</string>
			</dict>
			<key>isa</key>
			<string>XCBuildConfiguration</string>
			<key>name</key>
			<string>Release</string>
		</dict>
		<key>C12714521899FB9300246E40</key>
		<dict>
			<key>fileEncoding</key>
			<string>4</string>
			<key>isa</key>
			<string>PBXFileReference</string>
			<key>lastKnownFileType</key>
			<string>file.storyboard</string>
			<key>path</key>
			<string>Main.storyboard</string>
			<key>sourceTree</key>
			<string>&lt;group&gt;</string>
		</dict>
		<key>C12714531899FB9300246E40</key>
		<dict>
			<key>fileRef</key>
			<string>C12714521899FB9300246E40</string>
			<key>isa</key>
			<string>PBXBuildFile</string>
		</dict>
		<key>C62EE67B7C4343EBB6749A84</key>
		<dict>
			<key>buildActionMask</key>
			<string>2147483647</string>
			<key>files</key>
			<array/>
			<key>inputPaths</key>
			<array/>
			<key>isa</key>
			<string>PBXShellScriptBuildPhase</string>
			<key>name</key>
			<string>Check Pods Manifest.lock</string>
			<key>outputPaths</key>
			<array/>
			<key>runOnlyForDeploymentPostprocessing</key>
			<string>0</string>
			<key>shellPath</key>
			<string>/bin/sh</string>
			<key>shellScript</key>
			<string>diff "${PODS_ROOT}/../Podfile.lock" "${PODS_ROOT}/Manifest.lock" &gt; /dev/null
if [[ $? != 0 ]] ; then
    cat &lt;&lt; EOM
error: The sandbox is not in sync with the Podfile.lock. Run 'pod install' or update your CocoaPods installation.
EOM
    exit 1
fi
</string>
			<key>showEnvVarsInLog</key>
			<string>0</string>
		</dict>
	</dict>
	<key>rootObject</key>
	<string>BEE1CA5F1899F8AF00992093</string>
</dict>
</plist>
